#MicroXplorer Configuration settings - do not modify
Mcu.Family=STM32G4
HRTIM1.CompareValue1-Output_TA1=14166/6
ProjectManager.MainLocation=Core/Src
HRTIM1.NumberSetSource1-Output_TE1=1
PB12.GPIO_Speed_High_Default=GPIO_SPEED_FREQ_LOW
RCC.USART1Freq_Value=170000000
RCC.SAI1Freq_Value=170000000
RCC.CortexFreq_Value=170000000
HRTIM1.ResetTrigger2-Output_TF1=HRTIM_TIMRESETTRIGGER_OTHER4_CMP1
ProjectManager.KeepUserCode=true
Mcu.UserName=STM32G474RETx
HRTIM1.CompareUnit2-Output_TB1=HRTIM_COMPAREUNIT_2
PC6.GPIO_Speed_High_Default=GPIO_SPEED_FREQ_LOW
HRTIM1.ResetTrigger1-Output_TD1=HRTIM_TIMRESETTRIGGER_OTHER3_CMP1
HRTIM1.CompareValue2-Output_TD1=50
PA14.GPIO_Label=T_SWCLK
HRTIM1.CompareValue1-Output_TB1=14166/6
ProjectManager.functionlistsort=1-MX_GPIO_Init-GPIO-false-HAL-true,2-SystemClock_Config-RCC-false-HAL-false,3-MX_LPUART1_UART_Init-LPUART1-false-HAL-true,4-MX_HRTIM1_Init-HRTIM1-false-HAL-true
RCC.RTCFreq_Value=32768
PA3.GPIOParameters=GPIO_Label
HRTIM1.NumberSetSource1-Output_TD1=1
LPUART1.WordLength=UART_WORDLENGTH_8B
RCC.USART2Freq_Value=170000000
PC13.GPIO_Label=B1 [blue push button]
HRTIM1.CompareUnit2-Output_TC1=HRTIM_COMPAREUNIT_2
HRTIM1.CompareUnit4-Output_TF1=HRTIM_COMPAREUNIT_4
PA2.GPIOParameters=GPIO_Label
PinOutPanel.RotationAngle=0
RCC.MCO1PinFreq_Value=16000000
RCC.SYSCLKSource=RCC_SYSCLKSOURCE_PLLCLK
ProjectManager.StackSize=0x400
HRTIM1.ResetTrigger1-Output_TE1=HRTIM_TIMRESETTRIGGER_OTHER4_CMP1
HRTIM1.CompareValue2-Output_TE1=50
SH.GPXTI13.0=GPIO_EXTI13
RCC.I2C3Freq_Value=170000000
RCC.LPTIM1Freq_Value=170000000
Mcu.IP4=SYS
RCC.FCLKCortexFreq_Value=170000000
HRTIM1.NumberSetSource1-Output_TC1=1
Mcu.IP2=NVIC
NVIC.SVCall_IRQn=true\:0\:0\:false\:false\:true\:false\:false
Mcu.IP3=RCC
Mcu.IP0=HRTIM1
Mcu.IP1=LPUART1
Mcu.UserConstants=
HRTIM1.NumberResetSource1-Output_TF1=1
HRTIM1.CompareUnit2-Output_TD1=HRTIM_COMPAREUNIT_2
HRTIM1.CompareUnit4-Output_TE1=HRTIM_COMPAREUNIT_4
HRTIM1.CompareValue2-Output_TF1=50
SH.GPXTI13.ConfNb=1
HRTIM1.Periode_MASTER=14166
Mcu.ThirdPartyNb=0
HRTIM1.ResetTrigger1-Output_TF1=HRTIM_TIMRESETTRIGGER_OTHER4_CMP1
RCC.HCLKFreq_Value=170000000
RCC.I2C4Freq_Value=170000000
Mcu.IPNb=5
ProjectManager.PreviousToolchain=STM32CubeIDE
RCC.APB2TimFreq_Value=170000000
PA8.GPIOParameters=GPIO_Speed_High_Default
Mcu.Pin6=PA3
VP_HRTIM1_VS_hrtimMasterTimerNoOutput.Signal=HRTIM1_VS_hrtimMasterTimerNoOutput
Mcu.Pin7=PA5
HRTIM1.NumberSetSource1-Output_TB1=1
Mcu.Pin8=PB12
Mcu.Pin9=PB14
HRTIM1.CompareUnit2-Output_TE1=HRTIM_COMPAREUNIT_2
RCC.AHBFreq_Value=170000000
HRTIM1.NumberResetSource1-Output_TE1=1
Mcu.Pin0=PC13
Mcu.Pin1=PC14-OSC32_IN
VP_HRTIM1_VS_hrtimMasterTimerNoOutput.Mode=MasterTimer
Mcu.Pin2=PC15-OSC32_OUT
HRTIM1.CompareUnit4-Output_TD1=HRTIM_COMPAREUNIT_4
Mcu.Pin3=PF0-OSC_IN
RCC.USART3Freq_Value=170000000
Mcu.Pin4=PF1-OSC_OUT
NVIC.EXTI15_10_IRQn=true\:0\:0\:false\:false\:true\:true\:true
Mcu.Pin5=PA2
ProjectManager.ProjectBuild=false
RCC.HSE_VALUE=24000000
NVIC.UsageFault_IRQn=true\:0\:0\:false\:false\:true\:false\:false
NVIC.DebugMonitor_IRQn=true\:0\:0\:false\:false\:true\:false\:false
PB3.Mode=JTAG_5_pins
HRTIM1.CompareValue4-Output_TF1=14166/3
HRTIM1.ResetTrigger3-Output_TF1=HRTIM_TIMRESETTRIGGER_OTHER4_CMP4
HRTIM1.ResetOutput1_Source1-Output_TF1=HRTIM_OUTPUTRESET_TIMCMP4
PA15.Mode=JTAG_5_pins
NVIC.SysTick_IRQn=true\:0\:0\:false\:false\:true\:false\:true
RCC.ADC12Freq_Value=170000000
RCC.RTCClockSelection=RCC_RTCCLKSOURCE_LSE
HRTIM1.CompareUnit1-Output_TC1=HRTIM_COMPAREUNIT_1
HRTIM1.NumberSetSource1-Output_TA1=1
ProjectManager.FirmwarePackage=STM32Cube FW_G4 V1.4.0
MxDb.Version=DB.6.0.21
PB4.Mode=JTAG_5_pins
ProjectManager.BackupPrevious=false
PC14-OSC32_IN.Mode=LSE-External-Oscillator
HRTIM1.NumberResetSource1-Output_TD1=1
RCC.VCOInputFreq_Value=4000000
HRTIM1.CompareUnit2-Output_TF1=HRTIM_COMPAREUNIT_2
PA14.Mode=JTAG_5_pins
PF0-OSC_IN.Locked=true
PB14.Mode=Output_TD1
HRTIM1.PrescalerRatio_MASTER=HRTIM_PRESCALERRATIO_DIV1
File.Version=6
VP_SYS_VS_DBSignals.Mode=DisableDeadBatterySignals
HRTIM1.CompareValue4-Output_TE1=14166/3
PB3.GPIOParameters=GPIO_Label
PA8.Signal=HRTIM1_CHA1
RCC.PLLRCLKFreq_Value=170000000
HRTIM1.CompareUnit1-Output_TD1=HRTIM_COMPAREUNIT_1
NVIC.PendSV_IRQn=true\:0\:0\:false\:false\:true\:false\:false
HRTIM1.ResetOutput1_Source1-Output_TE1=HRTIM_OUTPUTRESET_TIMCMP4
ProjectManager.HalAssertFull=false
RCC.CRSFreq_Value=48000000
ProjectManager.ProjectName=NUCLEO-G474RE_6phase-PWM_V2
HRTIM1.NumberResetSource1-Output_TC1=1
HRTIM1.CompareValue2-Output_TA1=50
PA13.GPIOParameters=GPIO_Label
PC8.GPIOParameters=GPIO_Speed_High_Default
HRTIM1.ResetTrigger1-Output_TA1=HRTIM_TIMRESETTRIGGER_MASTER_PER
Mcu.Package=LQFP64
HRTIM1.CompareValue4-Output_TD1=14166/3
PB12.Mode=Output_TC1
PA5.Locked=true
HRTIM1.ResetOutput1_Source1-Output_TD1=HRTIM_OUTPUTRESET_TIMCMP4
PA14.Locked=true
ProjectManager.ToolChainLocation=
PA2.GPIO_Label=LPUART1_TX [STLINKV3E_VCP_RX]
RCC.LSI_VALUE=32000
VP_SYS_VS_Systick.Signal=SYS_VS_Systick
RCC.LSCOPinFreq_Value=32000
PA10.Signal=HRTIM1_CHB1
PA15.Signal=SYS_JTDI
HRTIM1.NumberResetTrigger-Output_TE1=1
PA5.GPIOParameters=GPIO_Label
HRTIM1.NumberResetSource1-Output_TB1=1
PB14.GPIOParameters=GPIO_Speed_High_Default
HRTIM1.ResetTrigger1-Output_TB1=HRTIM_TIMRESETTRIGGER_OTHER1_CMP1
HRTIM1.CompareValue4-Output_TC1=14166/3
HRTIM1.CompareValue2-Output_TB1=50
HRTIM1.SetOutput1_Source2-Output_TA1=HRTIM_OUTPUTSET_MASTERPER
RCC.PLLPoutputFreq_Value=170000000
RCC.APB1TimFreq_Value=170000000
NVIC.BusFault_IRQn=true\:0\:0\:false\:false\:true\:false\:false
HRTIM1.ResetOutput1_Source1-Output_TC1=HRTIM_OUTPUTRESET_TIMCMP4
RCC.LPUART1Freq_Value=170000000
HRTIM1.CompareUnit1-Output_TB1=HRTIM_COMPAREUNIT_1
PF1-OSC_OUT.Mode=HSE-External-Oscillator
HRTIM1.NumberResetTrigger-Output_TF1=1
ProjectManager.CustomerFirmwarePackage=
PC14-OSC32_IN.Locked=true
PF1-OSC_OUT.Signal=RCC_OSC_OUT
HRTIM1.CompareUnit2-MasterTimer=HRTIM_COMPAREUNIT_2
RCC.HSI48_VALUE=48000000
HRTIM1.CompareUnit1-Output_TA1=HRTIM_COMPAREUNIT_1
HRTIM1.ResetTrigger1-Output_TC1=HRTIM_TIMRESETTRIGGER_OTHER2_CMP1
PB3.Locked=true
PB4.Signal=SYS_JTRST
HRTIM1.CompareValue4-Output_TB1=14166/3
RCC.HRTIM1Freq_Value=170000000
PA3.Signal=LPUART1_RX
HRTIM1.NumberResetSource1-Output_TA1=1
HRTIM1.CompareValue2-Output_TC1=50
HRTIM1.SetOutput1_Source2-Output_TB1=HRTIM_OUTPUTSET_TIMBEV1_TIMACMP1
PA2.Locked=true
PB3.GPIO_Label=T_SWO
HRTIM1.SetOutput1_Source2-Output_TD1=HRTIM_OUTPUTSET_TIMPER
PA8.GPIO_Speed_High_Default=GPIO_SPEED_FREQ_LOW
RCC.PLLSourceVirtual=RCC_PLLSOURCE_HSE
PC15-OSC32_OUT.Mode=LSE-External-Oscillator
HRTIM1.ResetOutput1_Source1-Output_TB1=HRTIM_OUTPUTRESET_TIMCMP4
RCC.I2SFreq_Value=170000000
RCC.PLLQoutputFreq_Value=170000000
ProjectManager.ProjectFileName=NUCLEO-G474RE_6phase-PWM_V2.ioc
HRTIM1.SetOutput1_Source1-Output_TA1=HRTIM_OUTPUTSET_TIMCMP2
PA10.Mode=Output_TB1
Mcu.PinsNb=22
HRTIM1.NumberResetTrigger-Output_TC1=1
ProjectManager.NoMain=false
HRTIM1.CompareValue4-Output_TA1=14166/3
PC13.Locked=true
PC13.Signal=GPXTI13
HRTIM1.SetOutput1_Source2-Output_TC1=HRTIM_OUTPUTSET_TIMPER
HRTIM1.SetOutput1_Source2-Output_TE1=HRTIM_OUTPUTSET_TIMPER
HRTIM1.ModeTimeBase-Output_TD1=HRTIM_MODE_SINGLESHOT_RETRIGGERABLE
PC8.Signal=HRTIM1_CHE1
PC6.Signal=HRTIM1_CHF1
RCC.EXTERNAL_CLOCK_VALUE=12288000
ProjectManager.DefaultFWLocation=true
PA10.GPIO_Speed_High_Default=GPIO_SPEED_FREQ_LOW
HRTIM1.NumberUpdateTrigger-Output_TD1=0
HRTIM1.NumberResetTrigger-Output_TD1=1
ProjectManager.DeletePrevious=true
PF1-OSC_OUT.Locked=true
PC14-OSC32_IN.Signal=RCC_OSC32_IN
RCC.QSPIFreq_Value=170000000
boardIOC=true
HRTIM1.ResetOutput1_Source1-Output_TA1=HRTIM_OUTPUTRESET_TIMCMP4
LPUART1.IPParameters=BaudRate,WordLength
RCC.FamilyName=M
HRTIM1.PrescalerRatio_TD=HRTIM_PRESCALERRATIO_DIV1
HRTIM1.PrescalerRatio_TE=HRTIM_PRESCALERRATIO_DIV1
HRTIM1.PrescalerRatio_TF=HRTIM_PRESCALERRATIO_DIV1
HRTIM1.SetOutput1_Source2-Output_TF1=HRTIM_OUTPUTSET_TIMPER
HRTIM1.ModeTimeBase-Output_TE1=HRTIM_MODE_SINGLESHOT_RETRIGGERABLE
HRTIM1.PrescalerRatio_TA=HRTIM_PRESCALERRATIO_DIV1
HRTIM1.CompareUnit1-Output_TE1=HRTIM_COMPAREUNIT_1
HRTIM1.PrescalerRatio_TB=HRTIM_PRESCALERRATIO_DIV1
HRTIM1.PrescalerRatio_TC=HRTIM_PRESCALERRATIO_DIV1
PA3.Mode=Asynchronous
PA13.Signal=SYS_JTMS-SWDIO
PC15-OSC32_OUT.Locked=true
HRTIM1.NumberResetTrigger-Output_TA1=1
ProjectManager.TargetToolchain=STM32CubeIDE
PC6.Mode=Output_TF1
HRTIM1.CompareUnit1-Output_TF1=HRTIM_COMPAREUNIT_1
HRTIM1.ModeTimeBase-Output_TF1=HRTIM_MODE_SINGLESHOT_RETRIGGERABLE
ProjectManager.RegisterCallBack=
RCC.USBFreq_Value=170000000
PC15-OSC32_OUT.Signal=RCC_OSC32_OUT
PF0-OSC_IN.Mode=HSE-External-Oscillator
HRTIM1.CompareValue1-MasterTimer=1700
HRTIM1.CompareValue2-MasterTimer=1700*6
PB14.Signal=HRTIM1_CHD1
HRTIM1.NumberResetTrigger-Output_TB1=1
PA5.Signal=GPIO_Output
board=NUCLEO-G474RE
RCC.VCOOutputFreq_Value=340000000
ProjectManager.LastFirmware=true
RCC.ADC345Freq_Value=170000000
HRTIM1.ResetTrigger2-Output_TB1=HRTIM_TIMRESETTRIGGER_UPDATE
RCC.APB2Freq_Value=170000000
RCC.UART4Freq_Value=170000000
HRTIM1.CompareValue1-Output_TE1=14166/6
MxCube.Version=6.2.1
RCC.I2C1Freq_Value=170000000
HRTIM1.SetOutput1_Source1-Output_TF1=HRTIM_OUTPUTSET_TIMCMP2
PC13.GPIOParameters=GPIO_Label
VP_SYS_VS_DBSignals.Signal=SYS_VS_DBSignals
RCC.FDCANFreq_Value=170000000
HRTIM1.CompareUnit4-Output_TC1=HRTIM_COMPAREUNIT_4
RCC.RNGFreq_Value=170000000
PA10.GPIOParameters=GPIO_Speed_High_Default
VP_SYS_VS_Systick.Mode=SysTick
NVIC.NonMaskableInt_IRQn=true\:0\:0\:false\:false\:true\:false\:false
RCC.UART5Freq_Value=170000000
PA13.Mode=JTAG_5_pins
HRTIM1.ResetTrigger2-Output_TA1=HRTIM_TIMRESETTRIGGER_UPDATE
ProjectManager.FreePins=false
RCC.IPParameters=ADC12Freq_Value,ADC345Freq_Value,AHBFreq_Value,APB1Freq_Value,APB1TimFreq_Value,APB2Freq_Value,APB2TimFreq_Value,CRSFreq_Value,CortexFreq_Value,EXTERNAL_CLOCK_VALUE,FCLKCortexFreq_Value,FDCANFreq_Value,FamilyName,HCLKFreq_Value,HRTIM1Freq_Value,HSE_VALUE,HSI48_VALUE,HSI_VALUE,I2C1Freq_Value,I2C2Freq_Value,I2C3Freq_Value,I2C4Freq_Value,I2SFreq_Value,LPTIM1Freq_Value,LPUART1Freq_Value,LSCOPinFreq_Value,LSI_VALUE,MCO1PinFreq_Value,PLLM,PLLN,PLLPoutputFreq_Value,PLLQoutputFreq_Value,PLLRCLKFreq_Value,PLLSourceVirtual,PWRFreq_Value,QSPIFreq_Value,RNGFreq_Value,RTCClockSelection,RTCFreq_Value,SAI1Freq_Value,SYSCLKFreq_VALUE,SYSCLKSource,UART4Freq_Value,UART5Freq_Value,USART1Freq_Value,USART2Freq_Value,USART3Freq_Value,USBFreq_Value,VCOInputFreq_Value,VCOOutputFreq_Value
ProjectManager.AskForMigrate=true
Mcu.Name=STM32G474R(B-C-E)Tx
HRTIM1.SetOutput1_Source1-Output_TD1=HRTIM_OUTPUTSET_TIMCMP2
HRTIM1.CompareValue1-Output_TF1=14166/6
LPUART1.BaudRate=115200
PA2.Signal=LPUART1_TX
PA13.GPIO_Label=T_SWDIO
HRTIM1.SetOutput1_Source1-Output_TE1=HRTIM_OUTPUTSET_TIMCMP2
HRTIM1.CompareUnit4-Output_TB1=HRTIM_COMPAREUNIT_4
ProjectManager.UnderRoot=true
PC8.Mode=Output_TE1
ProjectManager.CoupleFile=false
PC8.GPIO_Speed_High_Default=GPIO_SPEED_FREQ_LOW
PB3.Signal=SYS_JTDO-SWO
RCC.SYSCLKFreq_VALUE=170000000
Mcu.Pin20=VP_SYS_VS_Systick
PA3.Locked=true
Mcu.Pin21=VP_SYS_VS_DBSignals
HRTIM1.ModeTimeBase-Output_TA1=HRTIM_MODE_SINGLESHOT_RETRIGGERABLE
PA5.GPIO_Label=LD2 [green led]
NVIC.ForceEnableDMAVector=true
KeepUserPlacement=false
PA14.GPIOParameters=GPIO_Label
NVIC.MemoryManagement_IRQn=true\:0\:0\:false\:false\:true\:false\:false
PA13.Locked=true
ProjectManager.CompilerOptimize=6
HRTIM1.SetOutput1_Source1-Output_TC1=HRTIM_OUTPUTSET_TIMCMP2
HRTIM1.CompareValue1-Output_TC1=14166/6
PA14.Signal=SYS_JTCK-SWCLK
ProjectManager.HeapSize=0x200
Mcu.Pin15=PA14
NVIC.HardFault_IRQn=true\:0\:0\:false\:false\:true\:false\:false
Mcu.Pin16=PA15
Mcu.Pin13=PA10
PC6.GPIOParameters=GPIO_Speed_High_Default
Mcu.Pin14=PA13
HRTIM1.CompareUnit4-Output_TA1=HRTIM_COMPAREUNIT_4
Mcu.Pin19=VP_HRTIM1_VS_hrtimMasterTimerNoOutput
ProjectManager.ComputerToolchain=false
Mcu.Pin17=PB3
RCC.HSI_VALUE=16000000
Mcu.Pin18=PB4
NVIC.PriorityGroup=NVIC_PRIORITYGROUP_4
Mcu.Pin11=PC8
Mcu.Pin12=PA8
RCC.PLLM=RCC_PLLM_DIV6
RCC.PLLN=85
Mcu.Pin10=PC6
PA2.Mode=Asynchronous
RCC.PWRFreq_Value=170000000
PA8.Mode=Output_TA1
HRTIM1.NumberSetSource1-Output_TF1=1
PB14.GPIO_Speed_High_Default=GPIO_SPEED_FREQ_LOW
PF0-OSC_IN.Signal=RCC_OSC_IN
HRTIM1.ResetTrigger2-Output_TC1=HRTIM_TIMRESETTRIGGER_OTHER2_CMP1
HRTIM1.CompareValue1-Output_TD1=14166/6
RCC.I2C2Freq_Value=170000000
RCC.APB1Freq_Value=170000000
HRTIM1.SetOutput1_Source1-Output_TB1=HRTIM_OUTPUTSET_TIMCMP2
HRTIM1.SetOutput1_Source3-Output_TA1=HRTIM_OUTPUTSET_MASTERPER
HRTIM1.Periode_TA=14166
HRTIM1.CompareUnit1-MasterTimer=HRTIM_COMPAREUNIT_1
HRTIM1.Periode_TB=14166
HRTIM1.CompareUnit2-Output_TA1=HRTIM_COMPAREUNIT_2
HRTIM1.Periode_TC=14166
ProjectManager.DeviceId=STM32G474RETx
PB12.GPIOParameters=GPIO_Speed_High_Default
HRTIM1.Periode_TD=14166
PB12.Signal=HRTIM1_CHC1
HRTIM1.Periode_TE=14166
ProjectManager.LibraryCopy=1
HRTIM1.Periode_TF=14166
PA3.GPIO_Label=LPUART1_RX [STLINKV3E_VCP_TX]
HRTIM1.IPParameters=CompareUnit1-MasterTimer,PrescalerRatio_MASTER,Periode_MASTER,PrescalerRatio_TA,Periode_TA,PrescalerRatio_TB,Periode_TB,Periode_TC,Periode_TD,Periode_TE,Periode_TF,PrescalerRatio_TF,PrescalerRatio_TE,PrescalerRatio_TD,PrescalerRatio_TC,CompareValue1-MasterTimer,ModeTimeBase-Output_TA1,NumberResetTrigger-Output_TA1,ResetTrigger1-Output_TA1,ResetTrigger2-Output_TA1,CompareUnit1-Output_TA1,CompareValue1-Output_TA1,NumberSetSource1-Output_TA1,NumberResetSource1-Output_TA1,SetOutput1_Source1-Output_TA1,SetOutput1_Source2-Output_TA1,CompareUnit1-Output_TB1,CompareValue1-Output_TB1,NumberResetTrigger-Output_TB1,ResetTrigger1-Output_TB1,ResetTrigger2-Output_TB1,NumberSetSource1-Output_TB1,NumberResetSource1-Output_TB1,SetOutput1_Source1-Output_TB1,SetOutput1_Source2-Output_TB1,ResetOutput1_Source1-Output_TB1,NumberResetTrigger-Output_TC1,ResetTrigger1-Output_TC1,ResetTrigger2-Output_TC1,CompareUnit1-Output_TC1,CompareValue1-Output_TC1,NumberSetSource1-Output_TC1,SetOutput1_Source1-Output_TC1,CompareUnit2-Output_TB1,CompareValue2-Output_TB1,SetOutput1_Source2-Output_TC1,NumberResetSource1-Output_TC1,ResetOutput1_Source1-Output_TC1,SetOutput1_Source3-Output_TA1,ResetOutput1_Source1-Output_TA1,CompareUnit2-Output_TC1,CompareValue2-Output_TC1,ModeTimeBase-Output_TD1,NumberUpdateTrigger-Output_TD1,NumberResetTrigger-Output_TD1,ResetTrigger1-Output_TD1,CompareUnit1-Output_TD1,CompareValue1-Output_TD1,NumberSetSource1-Output_TD1,NumberResetSource1-Output_TD1,ResetOutput1_Source1-Output_TD1,CompareUnit4-Output_TC1,CompareValue4-Output_TC1,SetOutput1_Source1-Output_TD1,ModeTimeBase-Output_TE1,NumberResetTrigger-Output_TE1,ResetTrigger1-Output_TE1,ModeTimeBase-Output_TF1,NumberResetTrigger-Output_TF1,ResetTrigger1-Output_TF1,NumberSetSource1-Output_TF1,NumberResetSource1-Output_TF1,NumberSetSource1-Output_TE1,NumberResetSource1-Output_TE1,SetOutput1_Source2-Output_TD1,SetOutput1_Source1-Output_TE1,SetOutput1_Source2-Output_TE1,CompareUnit1-Output_TE1,CompareValue1-Output_TE1,ResetOutput1_Source1-Output_TE1,CompareUnit2-Output_TE1,CompareValue2-Output_TE1,SetOutput1_Source1-Output_TF1,SetOutput1_Source2-Output_TF1,CompareUnit2-Output_TD1,CompareValue2-Output_TD1,ResetOutput1_Source1-Output_TF1,CompareUnit1-Output_TF1,CompareValue1-Output_TF1,ResetTrigger2-Output_TF1,CompareUnit4-Output_TE1,CompareValue4-Output_TE1,CompareUnit4-Output_TD1,ResetTrigger3-Output_TF1,CompareValue4-Output_TD1,CompareUnit2-Output_TF1,CompareValue2-Output_TF1,CompareUnit2-MasterTimer,CompareValue2-MasterTimer,CompareUnit4-Output_TF1,CompareValue4-Output_TF1,CompareUnit4-Output_TA1,CompareValue4-Output_TA1,CompareUnit2-Output_TA1,CompareValue2-Output_TA1,CompareUnit4-Output_TB1,CompareValue4-Output_TB1
isbadioc=false
